
Microsoft Visual Studio Solution File, Format Version 12.00
# Visual Studio 15
VisualStudioVersion = 15.0.27428.2043
MinimumVisualStudioVersion = 10.0.40219.1
Project("{FAE04EC0-301F-11D3-BF4B-00C04F79EFBC}") = "TrackIN", "TrackIN\TrackIN.csproj", "{8EEF4590-74DE-4AB2-9E2A-E5FAD49C3ADC}"
	ProjectSection(ProjectDependencies) = postProject
		{116D7753-ADFB-4F1B-8838-C54D8BD3565D} = {116D7753-ADFB-4F1B-8838-C54D8BD3565D}
		{DACEE7D5-5A6A-4001-9602-FAB1A9A2DE59} = {DACEE7D5-5A6A-4001-9602-FAB1A9A2DE59}
	EndProjectSection
EndProject
Project("{FAE04EC0-301F-11D3-BF4B-00C04F79EFBC}") = "ProteowizardWrapper", "..\..\pwiz\pwiz_tools\Shared\ProteowizardWrapper\ProteowizardWrapper.csproj", "{DACEE7D5-5A6A-4001-9602-FAB1A9A2DE59}"
EndProject
Project("{FAE04EC0-301F-11D3-BF4B-00C04F79EFBC}") = "ProcessRawData", "Shared\Common\ProcessRawData\ProcessRawData.csproj", "{116D7753-ADFB-4F1B-8838-C54D8BD3565D}"
	ProjectSection(ProjectDependencies) = postProject
		{DACEE7D5-5A6A-4001-9602-FAB1A9A2DE59} = {DACEE7D5-5A6A-4001-9602-FAB1A9A2DE59}
	EndProjectSection
EndProject
Project("{FAE04EC0-301F-11D3-BF4B-00C04F79EFBC}") = "DebuggingConsole", "DebuggingConsole\DebuggingConsole.csproj", "{AA31A428-03A3-4C59-BB07-8A37AF37ABA2}"
EndProject
Project("{FAE04EC0-301F-11D3-BF4B-00C04F79EFBC}") = "XQNReader", "XQNReader\XQNReader.csproj", "{AB9F0FB4-51FF-4A42-9B4B-47402C77F547}"
EndProject
Project("{FAE04EC0-301F-11D3-BF4B-00C04F79EFBC}") = "QLDReader", "QLDReader\QLDReader\QLDReader.csproj", "{C3DD2289-99E1-4319-A736-388278129662}"
EndProject
Project("{FAE04EC0-301F-11D3-BF4B-00C04F79EFBC}") = "GCMSReader", "GCMSReader\GCMSReader\GCMSReader.csproj", "{DC89457B-98E6-4958-BD38-198E4572E856}"
EndProject
Project("{FAE04EC0-301F-11D3-BF4B-00C04F79EFBC}") = "AquityTimestamp", "AquityTimestamp\AquityTimestamp.csproj", "{CEEE23E8-EB3F-498A-AE17-2F7A1523809F}"
EndProject
Project("{FAE04EC0-301F-11D3-BF4B-00C04F79EFBC}") = "AquityTracerMonitor", "AquityTracerMonitor\AquityTracerMonitor.csproj", "{B0315504-0FE1-47D3-A56C-0774819C47EF}"
EndProject
Global
	GlobalSection(SolutionConfigurationPlatforms) = preSolution
		Debug|Any CPU = Debug|Any CPU
		Debug|x64 = Debug|x64
		Debug|x86 = Debug|x86
		Release|Any CPU = Release|Any CPU
		Release|x64 = Release|x64
		Release|x86 = Release|x86
	EndGlobalSection
	GlobalSection(ProjectConfigurationPlatforms) = postSolution
		{8EEF4590-74DE-4AB2-9E2A-E5FAD49C3ADC}.Debug|Any CPU.ActiveCfg = Debug|Any CPU
		{8EEF4590-74DE-4AB2-9E2A-E5FAD49C3ADC}.Debug|Any CPU.Build.0 = Debug|Any CPU
		{8EEF4590-74DE-4AB2-9E2A-E5FAD49C3ADC}.Debug|x64.ActiveCfg = Debug|x64
		{8EEF4590-74DE-4AB2-9E2A-E5FAD49C3ADC}.Debug|x64.Build.0 = Debug|x64
		{8EEF4590-74DE-4AB2-9E2A-E5FAD49C3ADC}.Debug|x86.ActiveCfg = Debug|Any CPU
		{8EEF4590-74DE-4AB2-9E2A-E5FAD49C3ADC}.Debug|x86.Build.0 = Debug|Any CPU
		{8EEF4590-74DE-4AB2-9E2A-E5FAD49C3ADC}.Release|Any CPU.ActiveCfg = Release|Any CPU
		{8EEF4590-74DE-4AB2-9E2A-E5FAD49C3ADC}.Release|Any CPU.Build.0 = Release|Any CPU
		{8EEF4590-74DE-4AB2-9E2A-E5FAD49C3ADC}.Release|x64.ActiveCfg = Release|x64
		{8EEF4590-74DE-4AB2-9E2A-E5FAD49C3ADC}.Release|x64.Build.0 = Release|x64
		{8EEF4590-74DE-4AB2-9E2A-E5FAD49C3ADC}.Release|x86.ActiveCfg = Release|Any CPU
		{8EEF4590-74DE-4AB2-9E2A-E5FAD49C3ADC}.Release|x86.Build.0 = Release|Any CPU
		{DACEE7D5-5A6A-4001-9602-FAB1A9A2DE59}.Debug|Any CPU.ActiveCfg = Debug|Any CPU
		{DACEE7D5-5A6A-4001-9602-FAB1A9A2DE59}.Debug|Any CPU.Build.0 = Debug|Any CPU
		{DACEE7D5-5A6A-4001-9602-FAB1A9A2DE59}.Debug|x64.ActiveCfg = Debug|x64
		{DACEE7D5-5A6A-4001-9602-FAB1A9A2DE59}.Debug|x64.Build.0 = Debug|x64
		{DACEE7D5-5A6A-4001-9602-FAB1A9A2DE59}.Debug|x86.ActiveCfg = Debug|x86
		{DACEE7D5-5A6A-4001-9602-FAB1A9A2DE59}.Debug|x86.Build.0 = Debug|x86
		{DACEE7D5-5A6A-4001-9602-FAB1A9A2DE59}.Release|Any CPU.ActiveCfg = Release|Any CPU
		{DACEE7D5-5A6A-4001-9602-FAB1A9A2DE59}.Release|Any CPU.Build.0 = Release|Any CPU
		{DACEE7D5-5A6A-4001-9602-FAB1A9A2DE59}.Release|x64.ActiveCfg = Release|x64
		{DACEE7D5-5A6A-4001-9602-FAB1A9A2DE59}.Release|x64.Build.0 = Release|x64
		{DACEE7D5-5A6A-4001-9602-FAB1A9A2DE59}.Release|x86.ActiveCfg = Release|x86
		{DACEE7D5-5A6A-4001-9602-FAB1A9A2DE59}.Release|x86.Build.0 = Release|x86
		{116D7753-ADFB-4F1B-8838-C54D8BD3565D}.Debug|Any CPU.ActiveCfg = Debug|Any CPU
		{116D7753-ADFB-4F1B-8838-C54D8BD3565D}.Debug|Any CPU.Build.0 = Debug|Any CPU
		{116D7753-ADFB-4F1B-8838-C54D8BD3565D}.Debug|x64.ActiveCfg = Debug|x64
		{116D7753-ADFB-4F1B-8838-C54D8BD3565D}.Debug|x64.Build.0 = Debug|x64
		{116D7753-ADFB-4F1B-8838-C54D8BD3565D}.Debug|x86.ActiveCfg = Debug|Any CPU
		{116D7753-ADFB-4F1B-8838-C54D8BD3565D}.Debug|x86.Build.0 = Debug|Any CPU
		{116D7753-ADFB-4F1B-8838-C54D8BD3565D}.Release|Any CPU.ActiveCfg = Release|Any CPU
		{116D7753-ADFB-4F1B-8838-C54D8BD3565D}.Release|Any CPU.Build.0 = Release|Any CPU
		{116D7753-ADFB-4F1B-8838-C54D8BD3565D}.Release|x64.ActiveCfg = Release|x64
		{116D7753-ADFB-4F1B-8838-C54D8BD3565D}.Release|x64.Build.0 = Release|x64
		{116D7753-ADFB-4F1B-8838-C54D8BD3565D}.Release|x86.ActiveCfg = Release|Any CPU
		{116D7753-ADFB-4F1B-8838-C54D8BD3565D}.Release|x86.Build.0 = Release|Any CPU
		{AA31A428-03A3-4C59-BB07-8A37AF37ABA2}.Debug|Any CPU.ActiveCfg = Debug|Any CPU
		{AA31A428-03A3-4C59-BB07-8A37AF37ABA2}.Debug|Any CPU.Build.0 = Debug|Any CPU
		{AA31A428-03A3-4C59-BB07-8A37AF37ABA2}.Debug|x64.ActiveCfg = Debug|Any CPU
		{AA31A428-03A3-4C59-BB07-8A37AF37ABA2}.Debug|x64.Build.0 = Debug|Any CPU
		{AA31A428-03A3-4C59-BB07-8A37AF37ABA2}.Debug|x86.ActiveCfg = Debug|Any CPU
		{AA31A428-03A3-4C59-BB07-8A37AF37ABA2}.Debug|x86.Build.0 = Debug|Any CPU
		{AA31A428-03A3-4C59-BB07-8A37AF37ABA2}.Release|Any CPU.ActiveCfg = Release|Any CPU
		{AA31A428-03A3-4C59-BB07-8A37AF37ABA2}.Release|Any CPU.Build.0 = Release|Any CPU
		{AA31A428-03A3-4C59-BB07-8A37AF37ABA2}.Release|x64.ActiveCfg = Release|Any CPU
		{AA31A428-03A3-4C59-BB07-8A37AF37ABA2}.Release|x64.Build.0 = Release|Any CPU
		{AA31A428-03A3-4C59-BB07-8A37AF37ABA2}.Release|x86.ActiveCfg = Release|Any CPU
		{AA31A428-03A3-4C59-BB07-8A37AF37ABA2}.Release|x86.Build.0 = Release|Any CPU
		{AB9F0FB4-51FF-4A42-9B4B-47402C77F547}.Debug|Any CPU.ActiveCfg = Debug|x86
		{AB9F0FB4-51FF-4A42-9B4B-47402C77F547}.Debug|x64.ActiveCfg = Debug|x64
		{AB9F0FB4-51FF-4A42-9B4B-47402C77F547}.Debug|x64.Build.0 = Debug|x64
		{AB9F0FB4-51FF-4A42-9B4B-47402C77F547}.Debug|x86.ActiveCfg = Debug|x86
		{AB9F0FB4-51FF-4A42-9B4B-47402C77F547}.Debug|x86.Build.0 = Debug|x86
		{AB9F0FB4-51FF-4A42-9B4B-47402C77F547}.Release|Any CPU.ActiveCfg = Release|x86
		{AB9F0FB4-51FF-4A42-9B4B-47402C77F547}.Release|x64.ActiveCfg = Release|x64
		{AB9F0FB4-51FF-4A42-9B4B-47402C77F547}.Release|x64.Build.0 = Release|x64
		{AB9F0FB4-51FF-4A42-9B4B-47402C77F547}.Release|x86.ActiveCfg = Release|x86
		{AB9F0FB4-51FF-4A42-9B4B-47402C77F547}.Release|x86.Build.0 = Release|x86
		{C3DD2289-99E1-4319-A736-388278129662}.Debug|Any CPU.ActiveCfg = Debug|Any CPU
		{C3DD2289-99E1-4319-A736-388278129662}.Debug|Any CPU.Build.0 = Debug|Any CPU
		{C3DD2289-99E1-4319-A736-388278129662}.Debug|x64.ActiveCfg = Debug|Any CPU
		{C3DD2289-99E1-4319-A736-388278129662}.Debug|x64.Build.0 = Debug|Any CPU
		{C3DD2289-99E1-4319-A736-388278129662}.Debug|x86.ActiveCfg = Debug|x86
		{C3DD2289-99E1-4319-A736-388278129662}.Debug|x86.Build.0 = Debug|x86
		{C3DD2289-99E1-4319-A736-388278129662}.Release|Any CPU.ActiveCfg = Release|Any CPU
		{C3DD2289-99E1-4319-A736-388278129662}.Release|Any CPU.Build.0 = Release|Any CPU
		{C3DD2289-99E1-4319-A736-388278129662}.Release|x64.ActiveCfg = Release|Any CPU
		{C3DD2289-99E1-4319-A736-388278129662}.Release|x64.Build.0 = Release|Any CPU
		{C3DD2289-99E1-4319-A736-388278129662}.Release|x86.ActiveCfg = Release|x86
		{C3DD2289-99E1-4319-A736-388278129662}.Release|x86.Build.0 = Release|x86
		{DC89457B-98E6-4958-BD38-198E4572E856}.Debug|Any CPU.ActiveCfg = Debug|Any CPU
		{DC89457B-98E6-4958-BD38-198E4572E856}.Debug|Any CPU.Build.0 = Debug|Any CPU
		{DC89457B-98E6-4958-BD38-198E4572E856}.Debug|x64.ActiveCfg = Debug|Any CPU
		{DC89457B-98E6-4958-BD38-198E4572E856}.Debug|x64.Build.0 = Debug|Any CPU
		{DC89457B-98E6-4958-BD38-198E4572E856}.Debug|x86.ActiveCfg = Debug|x86
		{DC89457B-98E6-4958-BD38-198E4572E856}.Debug|x86.Build.0 = Debug|x86
		{DC89457B-98E6-4958-BD38-198E4572E856}.Release|Any CPU.ActiveCfg = Release|Any CPU
		{DC89457B-98E6-4958-BD38-198E4572E856}.Release|Any CPU.Build.0 = Release|Any CPU
		{DC89457B-98E6-4958-BD38-198E4572E856}.Release|x64.ActiveCfg = Release|Any CPU
		{DC89457B-98E6-4958-BD38-198E4572E856}.Release|x64.Build.0 = Release|Any CPU
		{DC89457B-98E6-4958-BD38-198E4572E856}.Release|x86.ActiveCfg = Release|x86
		{DC89457B-98E6-4958-BD38-198E4572E856}.Release|x86.Build.0 = Release|x86
		{CEEE23E8-EB3F-498A-AE17-2F7A1523809F}.Debug|Any CPU.ActiveCfg = Debug|Any CPU
		{CEEE23E8-EB3F-498A-AE17-2F7A1523809F}.Debug|Any CPU.Build.0 = Debug|Any CPU
		{CEEE23E8-EB3F-498A-AE17-2F7A1523809F}.Debug|x64.ActiveCfg = Debug|Any CPU
		{CEEE23E8-EB3F-498A-AE17-2F7A1523809F}.Debug|x64.Build.0 = Debug|Any CPU
		{CEEE23E8-EB3F-498A-AE17-2F7A1523809F}.Debug|x86.ActiveCfg = Debug|Any CPU
		{CEEE23E8-EB3F-498A-AE17-2F7A1523809F}.Debug|x86.Build.0 = Debug|Any CPU
		{CEEE23E8-EB3F-498A-AE17-2F7A1523809F}.Release|Any CPU.ActiveCfg = Release|Any CPU
		{CEEE23E8-EB3F-498A-AE17-2F7A1523809F}.Release|Any CPU.Build.0 = Release|Any CPU
		{CEEE23E8-EB3F-498A-AE17-2F7A1523809F}.Release|x64.ActiveCfg = Release|Any CPU
		{CEEE23E8-EB3F-498A-AE17-2F7A1523809F}.Release|x64.Build.0 = Release|Any CPU
		{CEEE23E8-EB3F-498A-AE17-2F7A1523809F}.Release|x86.ActiveCfg = Release|Any CPU
		{CEEE23E8-EB3F-498A-AE17-2F7A1523809F}.Release|x86.Build.0 = Release|Any CPU
		{B0315504-0FE1-47D3-A56C-0774819C47EF}.Debug|Any CPU.ActiveCfg = Debug|Any CPU
		{B0315504-0FE1-47D3-A56C-0774819C47EF}.Debug|Any CPU.Build.0 = Debug|Any CPU
		{B0315504-0FE1-47D3-A56C-0774819C47EF}.Debug|x64.ActiveCfg = Debug|Any CPU
		{B0315504-0FE1-47D3-A56C-0774819C47EF}.Debug|x64.Build.0 = Debug|Any CPU
		{B0315504-0FE1-47D3-A56C-0774819C47EF}.Debug|x86.ActiveCfg = Debug|Any CPU
		{B0315504-0FE1-47D3-A56C-0774819C47EF}.Debug|x86.Build.0 = Debug|Any CPU
		{B0315504-0FE1-47D3-A56C-0774819C47EF}.Release|Any CPU.ActiveCfg = Release|Any CPU
		{B0315504-0FE1-47D3-A56C-0774819C47EF}.Release|Any CPU.Build.0 = Release|Any CPU
		{B0315504-0FE1-47D3-A56C-0774819C47EF}.Release|x64.ActiveCfg = Release|Any CPU
		{B0315504-0FE1-47D3-A56C-0774819C47EF}.Release|x64.Build.0 = Release|Any CPU
		{B0315504-0FE1-47D3-A56C-0774819C47EF}.Release|x86.ActiveCfg = Release|Any CPU
		{B0315504-0FE1-47D3-A56C-0774819C47EF}.Release|x86.Build.0 = Release|Any CPU
	EndGlobalSection
	GlobalSection(SolutionProperties) = preSolution
		HideSolutionNode = FALSE
	EndGlobalSection
	GlobalSection(ExtensibilityGlobals) = postSolution
		SolutionGuid = {8B5F16B4-C4E0-4CE1-A1D1-B7032699C66B}
	EndGlobalSection
EndGlobal
